
Microsoft Visual Studio Solution File, Format Version 12.00
# Visual Studio Express 2012 for Windows Desktop
Project("{FAE04EC0-301F-11D3-BF4B-00C04F79EFBC}") = "AgentInside", "AgentInside.csproj", "{6A7DAEB6-0261-4CE0-A88C-DCD82D1B8DBF}"
EndProject
Project("{FAE04EC0-301F-11D3-BF4B-00C04F79EFBC}") = "Test", "..\Test\Test.csproj", "{E1C0FEFA-1926-4C54-B863-182B9347C0E9}"
EndProject
Global
	GlobalSection(SolutionConfigurationPlatforms) = preSolution
		Debug|Any CPU = Debug|Any CPU
		Release|Any CPU = Release|Any CPU
	EndGlobalSection
	GlobalSection(ProjectConfigurationPlatforms) = postSolution
		{6A7DAEB6-0261-4CE0-A88C-DCD82D1B8DBF}.Debug|Any CPU.ActiveCfg = Debug|Any CPU
		{6A7DAEB6-0261-4CE0-A88C-DCD82D1B8DBF}.Debug|Any CPU.Build.0 = Debug|Any CPU
		{6A7DAEB6-0261-4CE0-A88C-DCD82D1B8DBF}.Release|Any CPU.ActiveCfg = Release|Any CPU
		{6A7DAEB6-0261-4CE0-A88C-DCD82D1B8DBF}.Release|Any CPU.Build.0 = Release|Any CPU
		{E1C0FEFA-1926-4C54-B863-182B9347C0E9}.Debug|Any CPU.ActiveCfg = Debug|Any CPU
		{E1C0FEFA-1926-4C54-B863-182B9347C0E9}.Debug|Any CPU.Build.0 = Debug|Any CPU
		{E1C0FEFA-1926-4C54-B863-182B9347C0E9}.Release|Any CPU.ActiveCfg = Release|Any CPU
		{E1C0FEFA-1926-4C54-B863-182B9347C0E9}.Release|Any CPU.Build.0 = Release|Any CPU
	EndGlobalSection
	GlobalSection(SolutionProperties) = preSolution
		HideSolutionNode = FALSE
	EndGlobalSection
EndGlobal
